
Microsoft Visual Studio Solution File, Format Version 12.00
# Visual Studio Version 17
VisualStudioVersion = 17.9.34607.119
MinimumVisualStudioVersion = 10.0.40219.1
Project("{FAE04EC0-301F-11D3-BF4B-00C04F79EFBC}") = "Blazor.CollectionFadeInOut.Web", "Blazor.CollectionFadeInOut.Web\Blazor.CollectionFadeInOut.Web\Blazor.CollectionFadeInOut.Web.csproj", "{91220FD8-D623-42FD-929B-3D861578D13F}"
EndProject
Project("{FAE04EC0-301F-11D3-BF4B-00C04F79EFBC}") = "Blazor.CollectionFadeInOut.Web.Client", "Blazor.CollectionFadeInOut.Web\Blazor.CollectionFadeInOut.Web.Client\Blazor.CollectionFadeInOut.Web.Client.csproj", "{F69E6243-297C-487C-81B7-D6048507EE2A}"
EndProject
Global
	GlobalSection(SolutionConfigurationPlatforms) = preSolution
		Debug|Any CPU = Debug|Any CPU
		Release|Any CPU = Release|Any CPU
	EndGlobalSection
	GlobalSection(ProjectConfigurationPlatforms) = postSolution
		{91220FD8-D623-42FD-929B-3D861578D13F}.Debug|Any CPU.ActiveCfg = Debug|Any CPU
		{91220FD8-D623-42FD-929B-3D861578D13F}.Debug|Any CPU.Build.0 = Debug|Any CPU
		{91220FD8-D623-42FD-929B-3D861578D13F}.Release|Any CPU.ActiveCfg = Release|Any CPU
		{91220FD8-D623-42FD-929B-3D861578D13F}.Release|Any CPU.Build.0 = Release|Any CPU
		{F69E6243-297C-487C-81B7-D6048507EE2A}.Debug|Any CPU.ActiveCfg = Debug|Any CPU
		{F69E6243-297C-487C-81B7-D6048507EE2A}.Debug|Any CPU.Build.0 = Debug|Any CPU
		{F69E6243-297C-487C-81B7-D6048507EE2A}.Release|Any CPU.ActiveCfg = Release|Any CPU
		{F69E6243-297C-487C-81B7-D6048507EE2A}.Release|Any CPU.Build.0 = Release|Any CPU
	EndGlobalSection
	GlobalSection(SolutionProperties) = preSolution
		HideSolutionNode = FALSE
	EndGlobalSection
	GlobalSection(ExtensibilityGlobals) = postSolution
		SolutionGuid = {762B2B56-FE08-4D7C-A3A0-9289CC9E1601}
	EndGlobalSection
EndGlobal
